
Microsoft Visual Studio Solution File, Format Version 12.00
# Visual Studio Version 16
VisualStudioVersion = 16.0.33027.164
MinimumVisualStudioVersion = 10.0.40219.1
Project("{FAE04EC0-301F-11D3-BF4B-00C04F79EFBC}") = "Lab2_AntonZgirski", "Lab2_AntonZgirski\Lab2_AntonZgirski.csproj", "{D25470B6-D472-4A4A-98DE-47C870C4820C}"
EndProject
Global
	GlobalSection(SolutionConfigurationPlatforms) = preSolution
		Debug|Any CPU = Debug|Any CPU
		Release|Any CPU = Release|Any CPU
	EndGlobalSection
	GlobalSection(ProjectConfigurationPlatforms) = postSolution
		{D25470B6-D472-4A4A-98DE-47C870C4820C}.Debug|Any CPU.ActiveCfg = Debug|Any CPU
		{D25470B6-D472-4A4A-98DE-47C870C4820C}.Debug|Any CPU.Build.0 = Debug|Any CPU
		{D25470B6-D472-4A4A-98DE-47C870C4820C}.Release|Any CPU.ActiveCfg = Release|Any CPU
		{D25470B6-D472-4A4A-98DE-47C870C4820C}.Release|Any CPU.Build.0 = Release|Any CPU
	EndGlobalSection
	GlobalSection(SolutionProperties) = preSolution
		HideSolutionNode = FALSE
	EndGlobalSection
	GlobalSection(ExtensibilityGlobals) = postSolution
		SolutionGuid = {B585E931-563E-400E-B8F9-339042D878E0}
	EndGlobalSection
EndGlobal
